// !$*UTF8*$!
{
	archiveVersion = 1;
	classes = {
	};
	objectVersion = 48;
	objects = {

/* Begin PBXBuildFile section */
		CD4B3B9F2034C5F700CAB5CF /* AppDelegate.swift in Sources */ = {isa = PBXBuildFile; fileRef = CD4B3B9E2034C5F700CAB5CF /* AppDelegate.swift */; };
		CD4B3BA12034C5F700CAB5CF /* ViewController.swift in Sources */ = {isa = PBXBuildFile; fileRef = CD4B3BA02034C5F700CAB5CF /* ViewController.swift */; };
		CD4B3BA42034C5F700CAB5CF /* Main.storyboard in Resources */ = {isa = PBXBuildFile; fileRef = CD4B3BA22034C5F700CAB5CF /* Main.storyboard */; };
		CD4B3BA62034C5F700CAB5CF /* Assets.xcassets in Resources */ = {isa = PBXBuildFile; fileRef = CD4B3BA52034C5F700CAB5CF /* Assets.xcassets */; };
		CD4B3BA92034C5F700CAB5CF /* LaunchScreen.storyboard in Resources */ = {isa = PBXBuildFile; fileRef = CD4B3BA72034C5F700CAB5CF /* LaunchScreen.storyboard */; };
		CD4B3BB12034C8A200CAB5CF /* trailers.json in Resources */ = {isa = PBXBuildFile; fileRef = CD4B3BB02034C8A200CAB5CF /* trailers.json */; };
		CD4B3BB32035032400CAB5CF /* TrailerViewController.swift in Sources */ = {isa = PBXBuildFile; fileRef = CD4B3BB22035032400CAB5CF /* TrailerViewController.swift */; };
		CD4B3BB52035097F00CAB5CF /* Trailer.swift in Sources */ = {isa = PBXBuildFile; fileRef = CD4B3BB42035097F00CAB5CF /* Trailer.swift */; };
/* End PBXBuildFile section */

/* Begin PBXFileReference section */
		CD4B3B9B2034C5F700CAB5CF /* TrailerFix.app */ = {isa = PBXFileReference; explicitFileType = wrapper.application; includeInIndex = 0; path = TrailerFix.app; sourceTree = BUILT_PRODUCTS_DIR; };
		CD4B3B9E2034C5F700CAB5CF /* AppDelegate.swift */ = {isa = PBXFileReference; lastKnownFileType = sourcecode.swift; path = AppDelegate.swift; sourceTree = "<group>"; };
		CD4B3BA02034C5F700CAB5CF /* ViewController.swift */ = {isa = PBXFileReference; lastKnownFileType = sourcecode.swift; path = ViewController.swift; sourceTree = "<group>"; };
		CD4B3BA32034C5F700CAB5CF /* Base */ = {isa = PBXFileReference; lastKnownFileType = file.storyboard; name = Base; path = Base.lproj/Main.storyboard; sourceTree = "<group>"; };
		CD4B3BA52034C5F700CAB5CF /* Assets.xcassets */ = {isa = PBXFileReference; lastKnownFileType = folder.assetcatalog; path = Assets.xcassets; sourceTree = "<group>"; };
		CD4B3BA82034C5F700CAB5CF /* Base */ = {isa = PBXFileReference; lastKnownFileType = file.storyboard; name = Base; path = Base.lproj/LaunchScreen.storyboard; sourceTree = "<group>"; };
		CD4B3BAA2034C5F700CAB5CF /* Info.plist */ = {isa = PBXFileReference; lastKnownFileType = text.plist.xml; path = Info.plist; sourceTree = "<group>"; };
		CD4B3BB02034C8A200CAB5CF /* trailers.json */ = {isa = PBXFileReference; fileEncoding = 4; lastKnownFileType = text.json; name = trailers.json; path = "../../../../Downloads/Arquivos TrailerFlix/trailers.json"; sourceTree = "<group>"; };
		CD4B3BB22035032400CAB5CF /* TrailerViewController.swift */ = {isa = PBXFileReference; lastKnownFileType = sourcecode.swift; path = TrailerViewController.swift; sourceTree = "<group>"; };
		CD4B3BB42035097F00CAB5CF /* Trailer.swift */ = {isa = PBXFileReference; lastKnownFileType = sourcecode.swift; path = Trailer.swift; sourceTree = "<group>"; };
/* End PBXFileReference section */

/* Begin PBXFrameworksBuildPhase section */
		CD4B3B982034C5F700CAB5CF /* Frameworks */ = {
			isa = PBXFrameworksBuildPhase;
			buildActionMask = 2147483647;
			files = (
			);
			runOnlyForDeploymentPostprocessing = 0;
		};
/* End PBXFrameworksBuildPhase section */

/* Begin PBXGroup section */
		CD4B3B922034C5F700CAB5CF = {
			isa = PBXGroup;
			children = (
				CD4B3B9D2034C5F700CAB5CF /* TrailerFix */,
				CD4B3B9C2034C5F700CAB5CF /* Products */,
			);
			sourceTree = "<group>";
		};
		CD4B3B9C2034C5F700CAB5CF /* Products */ = {
			isa = PBXGroup;
			children = (
				CD4B3B9B2034C5F700CAB5CF /* TrailerFix.app */,
			);
			name = Products;
			sourceTree = "<group>";
		};
		CD4B3B9D2034C5F700CAB5CF /* TrailerFix */ = {
			isa = PBXGroup;
			children = (
				CD4B3BB02034C8A200CAB5CF /* trailers.json */,
				CD4B3B9E2034C5F700CAB5CF /* AppDelegate.swift */,
				CD4B3BA02034C5F700CAB5CF /* ViewController.swift */,
				CD4B3BA22034C5F700CAB5CF /* Main.storyboard */,
				CD4B3BB22035032400CAB5CF /* TrailerViewController.swift */,
				CD4B3BB42035097F00CAB5CF /* Trailer.swift */,
				CD4B3BA52034C5F700CAB5CF /* Assets.xcassets */,
				CD4B3BA72034C5F700CAB5CF /* LaunchScreen.storyboard */,
				CD4B3BAA2034C5F700CAB5CF /* Info.plist */,
			);
			path = TrailerFix;
			sourceTree = "<group>";
		};
/* End PBXGroup section */

/* Begin PBXNativeTarget section */
		CD4B3B9A2034C5F700CAB5CF /* TrailerFix */ = {
			isa = PBXNativeTarget;
			buildConfigurationList = CD4B3BAD2034C5F700CAB5CF /* Build configuration list for PBXNativeTarget "TrailerFix" */;
			buildPhases = (
				CD4B3B972034C5F700CAB5CF /* Sources */,
				CD4B3B982034C5F700CAB5CF /* Frameworks */,
				CD4B3B992034C5F700CAB5CF /* Resources */,
			);
			buildRules = (
			);
			dependencies = (
			);
			name = TrailerFix;
			productName = TrailerFix;
			productReference = CD4B3B9B2034C5F700CAB5CF /* TrailerFix.app */;
			productType = "com.apple.product-type.application";
		};
/* End PBXNativeTarget section */

/* Begin PBXProject section */
		CD4B3B932034C5F700CAB5CF /* Project object */ = {
			isa = PBXProject;
			attributes = {
				LastSwiftUpdateCheck = 0920;
				LastUpgradeCheck = 0920;
				ORGANIZATIONNAME = "Pay Back $istemas";
				TargetAttributes = {
					CD4B3B9A2034C5F700CAB5CF = {
						CreatedOnToolsVersion = 9.2;
						ProvisioningStyle = Automatic;
					};
				};
			};
			buildConfigurationList = CD4B3B962034C5F700CAB5CF /* Build configuration list for PBXProject "TrailerFix" */;
			compatibilityVersion = "Xcode 8.0";
			developmentRegion = en;
			hasScannedForEncodings = 0;
			knownRegions = (
				en,
				Base,
			);
			mainGroup = CD4B3B922034C5F700CAB5CF;
			productRefGroup = CD4B3B9C2034C5F700CAB5CF /* Products */;
			projectDirPath = "";
			projectRoot = "";
			targets = (
				CD4B3B9A2034C5F700CAB5CF /* TrailerFix */,
			);
		};
/* End PBXProject section */

/* Begin PBXResourcesBuildPhase section */
		CD4B3B992034C5F700CAB5CF /* Resources */ = {
			isa = PBXResourcesBuildPhase;
			buildActionMask = 2147483647;
			files = (
				CD4B3BA92034C5F700CAB5CF /* LaunchScreen.storyboard in Resources */,
				CD4B3BA62034C5F700CAB5CF /* Assets.xcassets in Resources */,
				CD4B3BA42034C5F700CAB5CF /* Main.storyboard in Resources */,
				CD4B3BB12034C8A200CAB5CF /* trailers.json in Resources */,
			);
			runOnlyForDeploymentPostprocessing = 0;
		};
/* End PBXResourcesBuildPhase section */

/* Begin PBXSourcesBuildPhase section */
		CD4B3B972034C5F700CAB5CF /* Sources */ = {
			isa = PBXSourcesBuildPhase;
			buildActionMask = 2147483647;
			files = (
				CD4B3BA12034C5F700CAB5CF /* ViewController.swift in Sources */,
				CD4B3B9F2034C5F700CAB5CF /* AppDelegate.swift in Sources */,
				CD4B3BB32035032400CAB5CF /* TrailerViewController.swift in Sources */,
				CD4B3BB52035097F00CAB5CF /* Trailer.swift in Sources */,
			);
			runOnlyForDeploymentPostprocessing = 0;
		};
/* End PBXSourcesBuildPhase section */

/* Begin PBXVariantGroup section */
		CD4B3BA22034C5F700CAB5CF /* Main.storyboard */ = {
			isa = PBXVariantGroup;
			children = (
				CD4B3BA32034C5F700CAB5CF /* Base */,
			);
			name = Main.storyboard;
			sourceTree = "<group>";
		};
		CD4B3BA72034C5F700CAB5CF /* LaunchScreen.storyboard */ = {
			isa = PBXVariantGroup;
			children = (
				CD4B3BA82034C5F700CAB5CF /* Base */,
			);
			name = LaunchScreen.storyboard;
			sourceTree = "<group>";
		};
/* End PBXVariantGroup section */

/* Begin XCBuildConfiguration section */
		CD4B3BAB2034C5F700CAB5CF /* Debug */ = {
			isa = XCBuildConfiguration;
			buildSettings = {
				ALWAYS_SEARCH_USER_PATHS = NO;
				CLANG_ANALYZER_NONNULL = YES;
				CLANG_ANALYZER_NUMBER_OBJECT_CONVERSION = YES_AGGRESSIVE;
				CLANG_CXX_LANGUAGE_STANDARD = "gnu++14";
				CLANG_CXX_LIBRARY = "libc++";
				CLANG_ENABLE_MODULES = YES;
				CLANG_ENABLE_OBJC_ARC = YES;
				CLANG_WARN_BLOCK_CAPTURE_AUTORELEASING = YES;
				CLANG_WARN_BOOL_CONVERSION = YES;
				CLANG_WARN_COMMA = YES;
				CLANG_WARN_CONSTANT_CONVERSION = YES;
				CLANG_WARN_DIRECT_OBJC_ISA_USAGE = YES_ERROR;
				CLANG_WARN_DOCUMENTATION_COMMENTS = YES;
				CLANG_WARN_EMPTY_BODY = YES;
				CLANG_WARN_ENUM_CONVERSION = YES;
				CLANG_WARN_INFINITE_RECURSION = YES;
				CLANG_WARN_INT_CONVERSION = YES;
				CLANG_WARN_NON_LITERAL_NULL_CONVERSION = YES;
				CLANG_WARN_OBJC_LITERAL_CONVERSION = YES;
				CLANG_WARN_OBJC_ROOT_CLASS = YES_ERROR;
				CLANG_WARN_RANGE_LOOP_ANALYSIS = YES;
				CLANG_WARN_STRICT_PROTOTYPES = YES;
				CLANG_WARN_SUSPICIOUS_MOVE = YES;
				CLANG_WARN_UNGUARDED_AVAILABILITY = YES_AGGRESSIVE;
				CLANG_WARN_UNREACHABLE_CODE = YES;
				CLANG_WARN__DUPLICATE_METHOD_MATCH = YES;
				CODE_SIGN_IDENTITY = "iPhone Developer";
				COPY_PHASE_STRIP = NO;
				DEBUG_INFORMATION_FORMAT = dwarf;
				ENABLE_STRICT_OBJC_MSGSEND = YES;
				ENABLE_TESTABILITY = YES;
				GCC_C_LANGUAGE_STANDARD = gnu11;
				GCC_DYNAMIC_NO_PIC = NO;
				GCC_NO_COMMON_BLOCKS = YES;
				GCC_OPTIMIZATION_LEVEL = 0;
				GCC_PREPROCESSOR_DEFINITIONS = (
					"DEBUG=1",
					"$(inherited)",
				);
				GCC_WARN_64_TO_32_BIT_CONVERSION = YES;
				GCC_WARN_ABOUT_RETURN_TYPE = YES_ERROR;
				GCC_WARN_UNDECLARED_SELECTOR = YES;
				GCC_WARN_UNINITIALIZED_AUTOS = YES_AGGRESSIVE;
				GCC_WARN_UNUSED_FUNCTION = YES;
				GCC_WARN_UNUSED_VARIABLE = YES;
				IPHONEOS_DEPLOYMENT_TARGET = 11.2;
				MTL_ENABLE_DEBUG_INFO = YES;
				ONLY_ACTIVE_ARCH = YES;
				SDKROOT = iphoneos;
				SWIFT_ACTIVE_COMPILATION_CONDITIONS = DEBUG;
				SWIFT_OPTIMIZATION_LEVEL = "-Onone";
			};
			name = Debug;
		};
		CD4B3BAC2034C5F700CAB5CF /* Release */ = {
			isa = XCBuildConfiguration;
			buildSettings = {
				ALWAYS_SEARCH_USER_PATHS = NO;
				CLANG_ANALYZER_NONNULL = YES;
				CLANG_ANALYZER_NUMBER_OBJECT_CONVERSION = YES_AGGRESSIVE;
				CLANG_CXX_LANGUAGE_STANDARD = "gnu++14";
				CLANG_CXX_LIBRARY = "libc++";
				CLANG_ENABLE_MODULES = YES;
				CLANG_ENABLE_OBJC_ARC = YES;
				CLANG_WARN_BLOCK_CAPTURE_AUTORELEASING = YES;
				CLANG_WARN_BOOL_CONVERSION = YES;
				CLANG_WARN_COMMA = YES;
				CLANG_WARN_CONSTANT_CONVERSION = YES;
				CLANG_WARN_DIRECT_OBJC_ISA_USAGE = YES_ERROR;
				CLANG_WARN_DOCUMENTATION_COMMENTS = YES;
				CLANG_WARN_EMPTY_BODY = YES;
				CLANG_WARN_ENUM_CONVERSION = YES;
				CLANG_WARN_INFINITE_RECURSION = YES;
				CLANG_WARN_INT_CONVERSION = YES;
				CLANG_WARN_NON_LITERAL_NULL_CONVERSION = YES;
				CLANG_WARN_OBJC_LITERAL_CONVERSION = YES;
				CLANG_WARN_OBJC_ROOT_CLASS = YES_ERROR;
				CLANG_WARN_RANGE_LOOP_ANALYSIS = YES;
				CLANG_WARN_STRICT_PROTOTYPES = YES;
				CLANG_WARN_SUSPICIOUS_MOVE = YES;
				CLANG_WARN_UNGUARDED_AVAILABILITY = YES_AGGRESSIVE;
				CLANG_WARN_UNREACHABLE_CODE = YES;
				CLANG_WARN__DUPLICATE_METHOD_MATCH = YES;
				CODE_SIGN_IDENTITY = "iPhone Developer";
				COPY_PHASE_STRIP = NO;
				DEBUG_INFORMATION_FORMAT = "dwarf-with-dsym";
				ENABLE_NS_ASSERTIONS = NO;
				ENABLE_STRICT_OBJC_MSGSEND = YES;
				GCC_C_LANGUAGE_STANDARD = gnu11;
				GCC_NO_COMMON_BLOCKS = YES;
				GCC_WARN_64_TO_32_BIT_CONVERSION = YES;
				GCC_WARN_ABOUT_RETURN_TYPE = YES_ERROR;
				GCC_WARN_UNDECLARED_SELECTOR = YES;
				GCC_WARN_UNINITIALIZED_AUTOS = YES_AGGRESSIVE;
				GCC_WARN_UNUSED_FUNCTION = YES;
				GCC_WARN_UNUSED_VARIABLE = YES;
				IPHONEOS_DEPLOYMENT_TARGET = 11.2;
				MTL_ENABLE_DEBUG_INFO = NO;
				SDKROOT = iphoneos;
				SWIFT_OPTIMIZATION_LEVEL = "-Owholemodule";
				VALIDATE_PRODUCT = YES;
			};
			name = Release;
		};
		CD4B3BAE2034C5F700CAB5CF /* Debug */ = {
			isa = XCBuildConfiguration;
			buildSettings = {
				ASSETCATALOG_COMPILER_APPICON_NAME = AppIcon;
				CODE_SIGN_STYLE = Automatic;
				DEVELOPMENT_TEAM = 6THA6469WJ;
				INFOPLIST_FILE = TrailerFix/Info.plist;
				LD_RUNPATH_SEARCH_PATHS = "$(inherited) @executable_path/Frameworks";
				PRODUCT_BUNDLE_IDENTIFIER = jgfn.TrailerFix;
				PRODUCT_NAME = "$(TARGET_NAME)";
				SWIFT_VERSION = 4.0;
				TARGETED_DEVICE_FAMILY = 1;
			};
			name = Debug;
		};
		CD4B3BAF2034C5F700CAB5CF /* Release */ = {
			isa = XCBuildConfiguration;
			buildSettings = {
				ASSETCATALOG_COMPILER_APPICON_NAME = AppIcon;
				CODE_SIGN_STYLE = Automatic;
				DEVELOPMENT_TEAM = 6THA6469WJ;
				INFOPLIST_FILE = TrailerFix/Info.plist;
				LD_RUNPATH_SEARCH_PATHS = "$(inherited) @executable_path/Frameworks";
				PRODUCT_BUNDLE_IDENTIFIER = jgfn.TrailerFix;
				PRODUCT_NAME = "$(TARGET_NAME)";
				SWIFT_VERSION = 4.0;
				TARGETED_DEVICE_FAMILY = 1;
			};
			name = Release;
		};
/* End XCBuildConfiguration section */

/* Begin XCConfigurationList section */
		CD4B3B962034C5F700CAB5CF /* Build configuration list for PBXProject "TrailerFix" */ = {
			isa = XCConfigurationList;
			buildConfigurations = (
				CD4B3BAB2034C5F700CAB5CF /* Debug */,
				CD4B3BAC2034C5F700CAB5CF /* Release */,
			);
			defaultConfigurationIsVisible = 0;
			defaultConfigurationName = Release;
		};
		CD4B3BAD2034C5F700CAB5CF /* Build configuration list for PBXNativeTarget "TrailerFix" */ = {
			isa = XCConfigurationList;
			buildConfigurations = (
				CD4B3BAE2034C5F700CAB5CF /* Debug */,
				CD4B3BAF2034C5F700CAB5CF /* Release */,
			);
			defaultConfigurationIsVisible = 0;
			defaultConfigurationName = Release;
		};
/* End XCConfigurationList section */
	};
	rootObject = CD4B3B932034C5F700CAB5CF /* Project object */;
}
